
Microsoft Visual Studio Solution File, Format Version 12.00
# Visual Studio Version 17
VisualStudioVersion = 17.12.35707.178 d17.12
MinimumVisualStudioVersion = 10.0.40219.1
Project("{FAE04EC0-301F-11D3-BF4B-00C04F79EFBC}") = "DeliveryDynamo", "DeliveryDynamo\DeliveryDynamo\DeliveryDynamo.csproj", "{C9B5C189-0A63-48FA-9611-C10D33212ACA}"
EndProject
Project("{FAE04EC0-301F-11D3-BF4B-00C04F79EFBC}") = "DeliveryDynamo.Shared", "DeliveryDynamo\DeliveryDynamo.Shared\DeliveryDynamo.Shared.csproj", "{C6114BF0-BC22-468D-B9F9-4B5DE33F087D}"
EndProject
Project("{FAE04EC0-301F-11D3-BF4B-00C04F79EFBC}") = "DeliveryDynamo.Web", "DeliveryDynamo\DeliveryDynamo.Web\DeliveryDynamo.Web.csproj", "{21D5F322-B73E-4DAB-A21E-F19D65841D93}"
EndProject
Project("{FAE04EC0-301F-11D3-BF4B-00C04F79EFBC}") = "DeliveryDynamo.Web.Client", "DeliveryDynamo\DeliveryDynamo.Web.Client\DeliveryDynamo.Web.Client.csproj", "{0610A64B-D916-46BA-B19A-ED89B1DAFB4A}"
EndProject
Global
	GlobalSection(SolutionConfigurationPlatforms) = preSolution
		Debug|Any CPU = Debug|Any CPU
		Release|Any CPU = Release|Any CPU
	EndGlobalSection
	GlobalSection(ProjectConfigurationPlatforms) = postSolution
		{C9B5C189-0A63-48FA-9611-C10D33212ACA}.Debug|Any CPU.ActiveCfg = Debug|Any CPU
		{C9B5C189-0A63-48FA-9611-C10D33212ACA}.Debug|Any CPU.Build.0 = Debug|Any CPU
		{C9B5C189-0A63-48FA-9611-C10D33212ACA}.Release|Any CPU.ActiveCfg = Release|Any CPU
		{C9B5C189-0A63-48FA-9611-C10D33212ACA}.Release|Any CPU.Build.0 = Release|Any CPU
		{C6114BF0-BC22-468D-B9F9-4B5DE33F087D}.Debug|Any CPU.ActiveCfg = Debug|Any CPU
		{C6114BF0-BC22-468D-B9F9-4B5DE33F087D}.Debug|Any CPU.Build.0 = Debug|Any CPU
		{C6114BF0-BC22-468D-B9F9-4B5DE33F087D}.Release|Any CPU.ActiveCfg = Release|Any CPU
		{C6114BF0-BC22-468D-B9F9-4B5DE33F087D}.Release|Any CPU.Build.0 = Release|Any CPU
		{21D5F322-B73E-4DAB-A21E-F19D65841D93}.Debug|Any CPU.ActiveCfg = Debug|Any CPU
		{21D5F322-B73E-4DAB-A21E-F19D65841D93}.Debug|Any CPU.Build.0 = Debug|Any CPU
		{21D5F322-B73E-4DAB-A21E-F19D65841D93}.Release|Any CPU.ActiveCfg = Release|Any CPU
		{21D5F322-B73E-4DAB-A21E-F19D65841D93}.Release|Any CPU.Build.0 = Release|Any CPU
		{0610A64B-D916-46BA-B19A-ED89B1DAFB4A}.Debug|Any CPU.ActiveCfg = Debug|Any CPU
		{0610A64B-D916-46BA-B19A-ED89B1DAFB4A}.Debug|Any CPU.Build.0 = Debug|Any CPU
		{0610A64B-D916-46BA-B19A-ED89B1DAFB4A}.Release|Any CPU.ActiveCfg = Release|Any CPU
		{0610A64B-D916-46BA-B19A-ED89B1DAFB4A}.Release|Any CPU.Build.0 = Release|Any CPU
	EndGlobalSection
	GlobalSection(SolutionProperties) = preSolution
		HideSolutionNode = FALSE
	EndGlobalSection
EndGlobal
